
Microsoft Visual Studio Solution File, Format Version 12.00
# Visual Studio Version 16
VisualStudioVersion = 16.0.31129.286
MinimumVisualStudioVersion = 10.0.40219.1
Project("{8BC9CEB8-8B4A-11D0-8D11-00A0C91BC942}") = "bubbleSort", "bubbleSort\bubbleSort.vcxproj", "{82DFECD7-45F5-4883-B039-B0FAD1CF4654}"
EndProject
Global
	GlobalSection(SolutionConfigurationPlatforms) = preSolution
		Debug|x64 = Debug|x64
		Debug|x86 = Debug|x86
		Release|x64 = Release|x64
		Release|x86 = Release|x86
	EndGlobalSection
	GlobalSection(ProjectConfigurationPlatforms) = postSolution
		{82DFECD7-45F5-4883-B039-B0FAD1CF4654}.Debug|x64.ActiveCfg = Debug|x64
		{82DFECD7-45F5-4883-B039-B0FAD1CF4654}.Debug|x64.Build.0 = Debug|x64
		{82DFECD7-45F5-4883-B039-B0FAD1CF4654}.Debug|x86.ActiveCfg = Debug|Win32
		{82DFECD7-45F5-4883-B039-B0FAD1CF4654}.Debug|x86.Build.0 = Debug|Win32
		{82DFECD7-45F5-4883-B039-B0FAD1CF4654}.Release|x64.ActiveCfg = Release|x64
		{82DFECD7-45F5-4883-B039-B0FAD1CF4654}.Release|x64.Build.0 = Release|x64
		{82DFECD7-45F5-4883-B039-B0FAD1CF4654}.Release|x86.ActiveCfg = Release|Win32
		{82DFECD7-45F5-4883-B039-B0FAD1CF4654}.Release|x86.Build.0 = Release|Win32
	EndGlobalSection
	GlobalSection(SolutionProperties) = preSolution
		HideSolutionNode = FALSE
	EndGlobalSection
	GlobalSection(ExtensibilityGlobals) = postSolution
		SolutionGuid = {F458B283-5AE1-4434-BEA1-794C1F44B41B}
	EndGlobalSection
EndGlobal
